
Microsoft Visual Studio Solution File, Format Version 12.00
# Visual Studio Version 16
VisualStudioVersion = 16.0.30413.136
MinimumVisualStudioVersion = 10.0.40219.1
Project("{9A19103F-16F7-4668-BE54-9A1E7A4F7556}") = "InputOutput", "InputOutput\InputOutput.csproj", "{30CF0764-DB1A-4FF6-A65B-FEE71EA2E49B}"
EndProject
Project("{9A19103F-16F7-4668-BE54-9A1E7A4F7556}") = "ConditionalStatements", "ConditionalStatements\ConditionalStatements.csproj", "{1EAD9FE9-9BCC-4171-BCBE-327D120CBEFF}"
EndProject
Project("{FAE04EC0-301F-11D3-BF4B-00C04F79EFBC}") = "practice", "practice\practice.csproj", "{AA3CCE8B-60E9-42B8-B88E-4F5079754AD9}"
EndProject
Global
	GlobalSection(SolutionConfigurationPlatforms) = preSolution
		Debug|Any CPU = Debug|Any CPU
		Release|Any CPU = Release|Any CPU
	EndGlobalSection
	GlobalSection(ProjectConfigurationPlatforms) = postSolution
		{30CF0764-DB1A-4FF6-A65B-FEE71EA2E49B}.Debug|Any CPU.ActiveCfg = Debug|Any CPU
		{30CF0764-DB1A-4FF6-A65B-FEE71EA2E49B}.Debug|Any CPU.Build.0 = Debug|Any CPU
		{30CF0764-DB1A-4FF6-A65B-FEE71EA2E49B}.Release|Any CPU.ActiveCfg = Release|Any CPU
		{30CF0764-DB1A-4FF6-A65B-FEE71EA2E49B}.Release|Any CPU.Build.0 = Release|Any CPU
		{1EAD9FE9-9BCC-4171-BCBE-327D120CBEFF}.Debug|Any CPU.ActiveCfg = Debug|Any CPU
		{1EAD9FE9-9BCC-4171-BCBE-327D120CBEFF}.Debug|Any CPU.Build.0 = Debug|Any CPU
		{1EAD9FE9-9BCC-4171-BCBE-327D120CBEFF}.Release|Any CPU.ActiveCfg = Release|Any CPU
		{1EAD9FE9-9BCC-4171-BCBE-327D120CBEFF}.Release|Any CPU.Build.0 = Release|Any CPU
		{AA3CCE8B-60E9-42B8-B88E-4F5079754AD9}.Debug|Any CPU.ActiveCfg = Debug|Any CPU
		{AA3CCE8B-60E9-42B8-B88E-4F5079754AD9}.Debug|Any CPU.Build.0 = Debug|Any CPU
		{AA3CCE8B-60E9-42B8-B88E-4F5079754AD9}.Release|Any CPU.ActiveCfg = Release|Any CPU
		{AA3CCE8B-60E9-42B8-B88E-4F5079754AD9}.Release|Any CPU.Build.0 = Release|Any CPU
	EndGlobalSection
	GlobalSection(SolutionProperties) = preSolution
		HideSolutionNode = FALSE
	EndGlobalSection
	GlobalSection(ExtensibilityGlobals) = postSolution
		SolutionGuid = {DD5070D0-D113-4A72-A1EF-D60A68406631}
	EndGlobalSection
EndGlobal
