
Microsoft Visual Studio Solution File, Format Version 12.00
# Visual Studio Version 16
VisualStudioVersion = 16.0.30413.136
MinimumVisualStudioVersion = 10.0.40219.1
Project("{9A19103F-16F7-4668-BE54-9A1E7A4F7556}") = "SumOf3", "SumOf3\SumOf3.csproj", "{7C537EB1-6AC7-401E-B4B4-A4FB28E1DEF4}"
EndProject
Project("{9A19103F-16F7-4668-BE54-9A1E7A4F7556}") = "Conditional_FizzBuzz", "Conditional_FizzBuzz\Conditional_FizzBuzz.csproj", "{EEE110C6-B7AB-40C0-9B10-B23C6EE80C8A}"
EndProject
Project("{9A19103F-16F7-4668-BE54-9A1E7A4F7556}") = "Conditional_CoinToss", "Conditional_CoinToss\Conditional_CoinToss.csproj", "{D0A9D0E9-88F9-4017-953A-C86EFE8861ED}"
EndProject
Project("{9A19103F-16F7-4668-BE54-9A1E7A4F7556}") = "Homework1", "Homework1\Homework1.csproj", "{0F199099-2D83-43C8-93AA-53217AFCC2A6}"
EndProject
Project("{9A19103F-16F7-4668-BE54-9A1E7A4F7556}") = "Loops_GuessANumber", "Loops_GuessANumber\Loops_GuessANumber.csproj", "{7378CD1D-BC05-4E7B-8A38-E4C6866B6B85}"
EndProject
Project("{9A19103F-16F7-4668-BE54-9A1E7A4F7556}") = "StringManipulation", "StringManipulation\StringManipulation.csproj", "{68C53A4D-ED07-408E-9989-25F78C6A7F84}"
EndProject
Project("{9A19103F-16F7-4668-BE54-9A1E7A4F7556}") = "ProcessingACSVFile", "ProcessingACSVFile\ProcessingACSVFile.csproj", "{855FFC2F-7AE5-4818-AF4F-C64650C775D3}"
EndProject
Project("{9A19103F-16F7-4668-BE54-9A1E7A4F7556}") = "Collections", "Collections\Collections.csproj", "{6794BCBF-5B09-4290-86E8-09111E4684E5}"
EndProject
Project("{FAE04EC0-301F-11D3-BF4B-00C04F79EFBC}") = "ProcessingACSV2", "ProcessingACSV2\ProcessingACSV2.csproj", "{282EB815-6DF8-4599-9656-530F40C55F32}"
EndProject
Global
	GlobalSection(SolutionConfigurationPlatforms) = preSolution
		Debug|Any CPU = Debug|Any CPU
		Release|Any CPU = Release|Any CPU
	EndGlobalSection
	GlobalSection(ProjectConfigurationPlatforms) = postSolution
		{7C537EB1-6AC7-401E-B4B4-A4FB28E1DEF4}.Debug|Any CPU.ActiveCfg = Debug|Any CPU
		{7C537EB1-6AC7-401E-B4B4-A4FB28E1DEF4}.Debug|Any CPU.Build.0 = Debug|Any CPU
		{7C537EB1-6AC7-401E-B4B4-A4FB28E1DEF4}.Release|Any CPU.ActiveCfg = Release|Any CPU
		{7C537EB1-6AC7-401E-B4B4-A4FB28E1DEF4}.Release|Any CPU.Build.0 = Release|Any CPU
		{EEE110C6-B7AB-40C0-9B10-B23C6EE80C8A}.Debug|Any CPU.ActiveCfg = Debug|Any CPU
		{EEE110C6-B7AB-40C0-9B10-B23C6EE80C8A}.Debug|Any CPU.Build.0 = Debug|Any CPU
		{EEE110C6-B7AB-40C0-9B10-B23C6EE80C8A}.Release|Any CPU.ActiveCfg = Release|Any CPU
		{EEE110C6-B7AB-40C0-9B10-B23C6EE80C8A}.Release|Any CPU.Build.0 = Release|Any CPU
		{D0A9D0E9-88F9-4017-953A-C86EFE8861ED}.Debug|Any CPU.ActiveCfg = Debug|Any CPU
		{D0A9D0E9-88F9-4017-953A-C86EFE8861ED}.Debug|Any CPU.Build.0 = Debug|Any CPU
		{D0A9D0E9-88F9-4017-953A-C86EFE8861ED}.Release|Any CPU.ActiveCfg = Release|Any CPU
		{D0A9D0E9-88F9-4017-953A-C86EFE8861ED}.Release|Any CPU.Build.0 = Release|Any CPU
		{0F199099-2D83-43C8-93AA-53217AFCC2A6}.Debug|Any CPU.ActiveCfg = Debug|Any CPU
		{0F199099-2D83-43C8-93AA-53217AFCC2A6}.Debug|Any CPU.Build.0 = Debug|Any CPU
		{0F199099-2D83-43C8-93AA-53217AFCC2A6}.Release|Any CPU.ActiveCfg = Release|Any CPU
		{0F199099-2D83-43C8-93AA-53217AFCC2A6}.Release|Any CPU.Build.0 = Release|Any CPU
		{7378CD1D-BC05-4E7B-8A38-E4C6866B6B85}.Debug|Any CPU.ActiveCfg = Debug|Any CPU
		{7378CD1D-BC05-4E7B-8A38-E4C6866B6B85}.Debug|Any CPU.Build.0 = Debug|Any CPU
		{7378CD1D-BC05-4E7B-8A38-E4C6866B6B85}.Release|Any CPU.ActiveCfg = Release|Any CPU
		{7378CD1D-BC05-4E7B-8A38-E4C6866B6B85}.Release|Any CPU.Build.0 = Release|Any CPU
		{68C53A4D-ED07-408E-9989-25F78C6A7F84}.Debug|Any CPU.ActiveCfg = Debug|Any CPU
		{68C53A4D-ED07-408E-9989-25F78C6A7F84}.Debug|Any CPU.Build.0 = Debug|Any CPU
		{68C53A4D-ED07-408E-9989-25F78C6A7F84}.Release|Any CPU.ActiveCfg = Release|Any CPU
		{68C53A4D-ED07-408E-9989-25F78C6A7F84}.Release|Any CPU.Build.0 = Release|Any CPU
		{855FFC2F-7AE5-4818-AF4F-C64650C775D3}.Debug|Any CPU.ActiveCfg = Debug|Any CPU
		{855FFC2F-7AE5-4818-AF4F-C64650C775D3}.Debug|Any CPU.Build.0 = Debug|Any CPU
		{855FFC2F-7AE5-4818-AF4F-C64650C775D3}.Release|Any CPU.ActiveCfg = Release|Any CPU
		{855FFC2F-7AE5-4818-AF4F-C64650C775D3}.Release|Any CPU.Build.0 = Release|Any CPU
		{6794BCBF-5B09-4290-86E8-09111E4684E5}.Debug|Any CPU.ActiveCfg = Debug|Any CPU
		{6794BCBF-5B09-4290-86E8-09111E4684E5}.Debug|Any CPU.Build.0 = Debug|Any CPU
		{6794BCBF-5B09-4290-86E8-09111E4684E5}.Release|Any CPU.ActiveCfg = Release|Any CPU
		{6794BCBF-5B09-4290-86E8-09111E4684E5}.Release|Any CPU.Build.0 = Release|Any CPU
		{282EB815-6DF8-4599-9656-530F40C55F32}.Debug|Any CPU.ActiveCfg = Debug|Any CPU
		{282EB815-6DF8-4599-9656-530F40C55F32}.Debug|Any CPU.Build.0 = Debug|Any CPU
		{282EB815-6DF8-4599-9656-530F40C55F32}.Release|Any CPU.ActiveCfg = Release|Any CPU
		{282EB815-6DF8-4599-9656-530F40C55F32}.Release|Any CPU.Build.0 = Release|Any CPU
	EndGlobalSection
	GlobalSection(SolutionProperties) = preSolution
		HideSolutionNode = FALSE
	EndGlobalSection
	GlobalSection(ExtensibilityGlobals) = postSolution
		SolutionGuid = {0FF26DC6-680F-416D-801C-887918517301}
	EndGlobalSection
EndGlobal
