
Microsoft Visual Studio Solution File, Format Version 12.00
# Visual Studio Version 16
VisualStudioVersion = 16.0.30413.136
MinimumVisualStudioVersion = 10.0.40219.1
Project("{FAE04EC0-301F-11D3-BF4B-00C04F79EFBC}") = "SumOf3", "SumOf3\SumOf3.csproj", "{7C537EB1-6AC7-401E-B4B4-A4FB28E1DEF4}"
EndProject
Global
	GlobalSection(SolutionConfigurationPlatforms) = preSolution
		Debug|Any CPU = Debug|Any CPU
		Release|Any CPU = Release|Any CPU
	EndGlobalSection
	GlobalSection(ProjectConfigurationPlatforms) = postSolution
		{7C537EB1-6AC7-401E-B4B4-A4FB28E1DEF4}.Debug|Any CPU.ActiveCfg = Debug|Any CPU
		{7C537EB1-6AC7-401E-B4B4-A4FB28E1DEF4}.Debug|Any CPU.Build.0 = Debug|Any CPU
		{7C537EB1-6AC7-401E-B4B4-A4FB28E1DEF4}.Release|Any CPU.ActiveCfg = Release|Any CPU
		{7C537EB1-6AC7-401E-B4B4-A4FB28E1DEF4}.Release|Any CPU.Build.0 = Release|Any CPU
	EndGlobalSection
	GlobalSection(SolutionProperties) = preSolution
		HideSolutionNode = FALSE
	EndGlobalSection
	GlobalSection(ExtensibilityGlobals) = postSolution
		SolutionGuid = {0FF26DC6-680F-416D-801C-887918517301}
	EndGlobalSection
EndGlobal
